
Microsoft Visual Studio Solution File, Format Version 12.00
# Visual Studio Version 16
VisualStudioVersion = 16.0.30413.136
MinimumVisualStudioVersion = 10.0.40219.1
Project("{FAE04EC0-301F-11D3-BF4B-00C04F79EFBC}") = "Memorizando", "Memorizando\Memorizando.csproj", "{765AAFFB-0696-40CD-A5B3-B5C2940A7A61}"
EndProject
Global
	GlobalSection(SolutionConfigurationPlatforms) = preSolution
		Debug|Any CPU = Debug|Any CPU
		Release|Any CPU = Release|Any CPU
	EndGlobalSection
	GlobalSection(ProjectConfigurationPlatforms) = postSolution
		{765AAFFB-0696-40CD-A5B3-B5C2940A7A61}.Debug|Any CPU.ActiveCfg = Debug|Any CPU
		{765AAFFB-0696-40CD-A5B3-B5C2940A7A61}.Debug|Any CPU.Build.0 = Debug|Any CPU
		{765AAFFB-0696-40CD-A5B3-B5C2940A7A61}.Release|Any CPU.ActiveCfg = Release|Any CPU
		{765AAFFB-0696-40CD-A5B3-B5C2940A7A61}.Release|Any CPU.Build.0 = Release|Any CPU
	EndGlobalSection
	GlobalSection(SolutionProperties) = preSolution
		HideSolutionNode = FALSE
	EndGlobalSection
	GlobalSection(ExtensibilityGlobals) = postSolution
		SolutionGuid = {7CD13C6F-28FB-4D4C-A7CB-D2322996B094}
	EndGlobalSection
EndGlobal
